// !$*UTF8*$!
{
	archiveVersion = 1;
	classes = {
	};
	objectVersion = 50;
	objects = {

/* Begin PBXBuildFile section */
		300B320720D7F1E400A25EE4 /* UYLNotificationDelegate.swift in Sources */ = {isa = PBXBuildFile; fileRef = 300B320620D7F1E400A25EE4 /* UYLNotificationDelegate.swift */; };
		301892C520C96ECB00FC263A /* HealthItem.swift in Sources */ = {isa = PBXBuildFile; fileRef = 301892C420C96ECB00FC263A /* HealthItem.swift */; };
		3031FBB320C8665700BAE929 /* CouchdbClient.swift in Sources */ = {isa = PBXBuildFile; fileRef = 3031FBB220C8665700BAE929 /* CouchdbClient.swift */; };
		3031FBB620C875F400BAE929 /* HealthKit.framework in Frameworks */ = {isa = PBXBuildFile; fileRef = 3031FBB520C875F400BAE929 /* HealthKit.framework */; };
		3031FBB820C877CD00BAE929 /* HealthKitInterface.swift in Sources */ = {isa = PBXBuildFile; fileRef = 3031FBB720C877CD00BAE929 /* HealthKitInterface.swift */; };
		30A4998120CEBFC100458C42 /* MainWindowController.swift in Sources */ = {isa = PBXBuildFile; fileRef = 30A4998020CEBFC100458C42 /* MainWindowController.swift */; };
		30D15BBB20C0236C00C39C2D /* AppDelegate.swift in Sources */ = {isa = PBXBuildFile; fileRef = 30D15BBA20C0236C00C39C2D /* AppDelegate.swift */; };
		30D15BBD20C0236C00C39C2D /* MasterViewController.swift in Sources */ = {isa = PBXBuildFile; fileRef = 30D15BBC20C0236C00C39C2D /* MasterViewController.swift */; };
		30D15BBF20C0236C00C39C2D /* DetailViewController.swift in Sources */ = {isa = PBXBuildFile; fileRef = 30D15BBE20C0236C00C39C2D /* DetailViewController.swift */; };
		30D15BC220C0236C00C39C2D /* Main.storyboard in Resources */ = {isa = PBXBuildFile; fileRef = 30D15BC020C0236C00C39C2D /* Main.storyboard */; };
		30D15BC420C0236C00C39C2D /* Assets.xcassets in Resources */ = {isa = PBXBuildFile; fileRef = 30D15BC320C0236C00C39C2D /* Assets.xcassets */; };
		30D15BC720C0236C00C39C2D /* LaunchScreen.storyboard in Resources */ = {isa = PBXBuildFile; fileRef = 30D15BC520C0236C00C39C2D /* LaunchScreen.storyboard */; };
		94E460E607C729D2D51263F1 /* Pods_ftth.framework in Frameworks */ = {isa = PBXBuildFile; fileRef = 4861C9682842F81D3B0ECC00 /* Pods_ftth.framework */; };
/* End PBXBuildFile section */

/* Begin PBXFileReference section */
		300B320620D7F1E400A25EE4 /* UYLNotificationDelegate.swift */ = {isa = PBXFileReference; lastKnownFileType = sourcecode.swift; path = UYLNotificationDelegate.swift; sourceTree = "<group>"; };
		301892C420C96ECB00FC263A /* HealthItem.swift */ = {isa = PBXFileReference; lastKnownFileType = sourcecode.swift; path = HealthItem.swift; sourceTree = "<group>"; };
		3031FBB220C8665700BAE929 /* CouchdbClient.swift */ = {isa = PBXFileReference; lastKnownFileType = sourcecode.swift; path = CouchdbClient.swift; sourceTree = "<group>"; };
		3031FBB420C875F300BAE929 /* ftth.entitlements */ = {isa = PBXFileReference; lastKnownFileType = text.plist.entitlements; path = ftth.entitlements; sourceTree = "<group>"; };
		3031FBB520C875F400BAE929 /* HealthKit.framework */ = {isa = PBXFileReference; lastKnownFileType = wrapper.framework; name = HealthKit.framework; path = System/Library/Frameworks/HealthKit.framework; sourceTree = SDKROOT; };
		3031FBB720C877CD00BAE929 /* HealthKitInterface.swift */ = {isa = PBXFileReference; lastKnownFileType = sourcecode.swift; path = HealthKitInterface.swift; sourceTree = "<group>"; };
		30A4998020CEBFC100458C42 /* MainWindowController.swift */ = {isa = PBXFileReference; lastKnownFileType = sourcecode.swift; path = MainWindowController.swift; sourceTree = "<group>"; };
		30D15BB720C0236C00C39C2D /* ftth.app */ = {isa = PBXFileReference; explicitFileType = wrapper.application; includeInIndex = 0; path = ftth.app; sourceTree = BUILT_PRODUCTS_DIR; };
		30D15BBA20C0236C00C39C2D /* AppDelegate.swift */ = {isa = PBXFileReference; lastKnownFileType = sourcecode.swift; path = AppDelegate.swift; sourceTree = "<group>"; };
		30D15BBC20C0236C00C39C2D /* MasterViewController.swift */ = {isa = PBXFileReference; lastKnownFileType = sourcecode.swift; path = MasterViewController.swift; sourceTree = "<group>"; };
		30D15BBE20C0236C00C39C2D /* DetailViewController.swift */ = {isa = PBXFileReference; lastKnownFileType = sourcecode.swift; path = DetailViewController.swift; sourceTree = "<group>"; };
		30D15BC120C0236C00C39C2D /* Base */ = {isa = PBXFileReference; lastKnownFileType = file.storyboard; name = Base; path = Base.lproj/Main.storyboard; sourceTree = "<group>"; };
		30D15BC320C0236C00C39C2D /* Assets.xcassets */ = {isa = PBXFileReference; lastKnownFileType = folder.assetcatalog; path = Assets.xcassets; sourceTree = "<group>"; };
		30D15BC620C0236C00C39C2D /* Base */ = {isa = PBXFileReference; lastKnownFileType = file.storyboard; name = Base; path = Base.lproj/LaunchScreen.storyboard; sourceTree = "<group>"; };
		30D15BC820C0236C00C39C2D /* Info.plist */ = {isa = PBXFileReference; lastKnownFileType = text.plist.xml; path = Info.plist; sourceTree = "<group>"; };
		4861C9682842F81D3B0ECC00 /* Pods_ftth.framework */ = {isa = PBXFileReference; explicitFileType = wrapper.framework; includeInIndex = 0; path = Pods_ftth.framework; sourceTree = BUILT_PRODUCTS_DIR; };
		BAC2F7A70B0D2F2488439880 /* Pods-ftth.debug.xcconfig */ = {isa = PBXFileReference; includeInIndex = 1; lastKnownFileType = text.xcconfig; name = "Pods-ftth.debug.xcconfig"; path = "Pods/Target Support Files/Pods-ftth/Pods-ftth.debug.xcconfig"; sourceTree = "<group>"; };
		FDA978195EC8F447A133235A /* Pods-ftth.release.xcconfig */ = {isa = PBXFileReference; includeInIndex = 1; lastKnownFileType = text.xcconfig; name = "Pods-ftth.release.xcconfig"; path = "Pods/Target Support Files/Pods-ftth/Pods-ftth.release.xcconfig"; sourceTree = "<group>"; };
/* End PBXFileReference section */

/* Begin PBXFrameworksBuildPhase section */
		30D15BB420C0236C00C39C2D /* Frameworks */ = {
			isa = PBXFrameworksBuildPhase;
			buildActionMask = 2147483647;
			files = (
				94E460E607C729D2D51263F1 /* Pods_ftth.framework in Frameworks */,
				3031FBB620C875F400BAE929 /* HealthKit.framework in Frameworks */,
			);
			runOnlyForDeploymentPostprocessing = 0;
		};
/* End PBXFrameworksBuildPhase section */

/* Begin PBXGroup section */
		055991EA79C50F20628E7ED0 /* Pods */ = {
			isa = PBXGroup;
			children = (
				BAC2F7A70B0D2F2488439880 /* Pods-ftth.debug.xcconfig */,
				FDA978195EC8F447A133235A /* Pods-ftth.release.xcconfig */,
			);
			name = Pods;
			sourceTree = "<group>";
		};
		30D15BAE20C0236C00C39C2D = {
			isa = PBXGroup;
			children = (
				30D15BB920C0236C00C39C2D /* ftth */,
				30D15BB820C0236C00C39C2D /* Products */,
				055991EA79C50F20628E7ED0 /* Pods */,
				53946397649EEC312DB5F273 /* Frameworks */,
			);
			sourceTree = "<group>";
		};
		30D15BB820C0236C00C39C2D /* Products */ = {
			isa = PBXGroup;
			children = (
				30D15BB720C0236C00C39C2D /* ftth.app */,
			);
			name = Products;
			sourceTree = "<group>";
		};
		30D15BB920C0236C00C39C2D /* ftth */ = {
			isa = PBXGroup;
			children = (
				3031FBB420C875F300BAE929 /* ftth.entitlements */,
				30D15BBA20C0236C00C39C2D /* AppDelegate.swift */,
				30D15BBC20C0236C00C39C2D /* MasterViewController.swift */,
				30D15BBE20C0236C00C39C2D /* DetailViewController.swift */,
				30D15BC020C0236C00C39C2D /* Main.storyboard */,
				30D15BC320C0236C00C39C2D /* Assets.xcassets */,
				30A4998020CEBFC100458C42 /* MainWindowController.swift */,
				300B320620D7F1E400A25EE4 /* UYLNotificationDelegate.swift */,
				30D15BC520C0236C00C39C2D /* LaunchScreen.storyboard */,
				30D15BC820C0236C00C39C2D /* Info.plist */,
				3031FBB220C8665700BAE929 /* CouchdbClient.swift */,
				3031FBB720C877CD00BAE929 /* HealthKitInterface.swift */,
				301892C420C96ECB00FC263A /* HealthItem.swift */,
			);
			path = ftth;
			sourceTree = "<group>";
		};
		53946397649EEC312DB5F273 /* Frameworks */ = {
			isa = PBXGroup;
			children = (
				3031FBB520C875F400BAE929 /* HealthKit.framework */,
				4861C9682842F81D3B0ECC00 /* Pods_ftth.framework */,
			);
			name = Frameworks;
			sourceTree = "<group>";
		};
/* End PBXGroup section */

/* Begin PBXNativeTarget section */
		30D15BB620C0236C00C39C2D /* ftth */ = {
			isa = PBXNativeTarget;
			buildConfigurationList = 30D15BCB20C0236C00C39C2D /* Build configuration list for PBXNativeTarget "ftth" */;
			buildPhases = (
				186951B411EFAA431EC5AEE7 /* [CP] Check Pods Manifest.lock */,
				30D15BB320C0236C00C39C2D /* Sources */,
				30D15BB420C0236C00C39C2D /* Frameworks */,
				30D15BB520C0236C00C39C2D /* Resources */,
				DB86590F65257940FE42F39E /* [CP] Embed Pods Frameworks */,
				DBEA7B973C2FCD66243274F9 /* [CP] Copy Pods Resources */,
			);
			buildRules = (
			);
			dependencies = (
			);
			name = ftth;
			productName = ftth;
			productReference = 30D15BB720C0236C00C39C2D /* ftth.app */;
			productType = "com.apple.product-type.application";
		};
/* End PBXNativeTarget section */

/* Begin PBXProject section */
		30D15BAF20C0236C00C39C2D /* Project object */ = {
			isa = PBXProject;
			attributes = {
				LastSwiftUpdateCheck = 0920;
				LastUpgradeCheck = 0920;
				ORGANIZATIONNAME = Schappet.com;
				TargetAttributes = {
					30D15BB620C0236C00C39C2D = {
						CreatedOnToolsVersion = 9.2;
						ProvisioningStyle = Automatic;
						SystemCapabilities = {
							com.apple.HealthKit = {
								enabled = 1;
							};
						};
					};
				};
			};
			buildConfigurationList = 30D15BB220C0236C00C39C2D /* Build configuration list for PBXProject "ftth" */;
			compatibilityVersion = "Xcode 9.3";
			developmentRegion = en;
			hasScannedForEncodings = 0;
			knownRegions = (
				en,
				Base,
			);
			mainGroup = 30D15BAE20C0236C00C39C2D;
			productRefGroup = 30D15BB820C0236C00C39C2D /* Products */;
			projectDirPath = "";
			projectRoot = "";
			targets = (
				30D15BB620C0236C00C39C2D /* ftth */,
			);
		};
/* End PBXProject section */

/* Begin PBXResourcesBuildPhase section */
		30D15BB520C0236C00C39C2D /* Resources */ = {
			isa = PBXResourcesBuildPhase;
			buildActionMask = 2147483647;
			files = (
				30D15BC720C0236C00C39C2D /* LaunchScreen.storyboard in Resources */,
				30D15BC420C0236C00C39C2D /* Assets.xcassets in Resources */,
				30D15BC220C0236C00C39C2D /* Main.storyboard in Resources */,
			);
			runOnlyForDeploymentPostprocessing = 0;
		};
/* End PBXResourcesBuildPhase section */

/* Begin PBXShellScriptBuildPhase section */
		186951B411EFAA431EC5AEE7 /* [CP] Check Pods Manifest.lock */ = {
			isa = PBXShellScriptBuildPhase;
			buildActionMask = 2147483647;
			files = (
			);
			inputPaths = (
				"${PODS_PODFILE_DIR_PATH}/Podfile.lock",
				"${PODS_ROOT}/Manifest.lock",
			);
			name = "[CP] Check Pods Manifest.lock";
			outputPaths = (
				"$(DERIVED_FILE_DIR)/Pods-ftth-checkManifestLockResult.txt",
			);
			runOnlyForDeploymentPostprocessing = 0;
			shellPath = /bin/sh;
			shellScript = "diff \"${PODS_PODFILE_DIR_PATH}/Podfile.lock\" \"${PODS_ROOT}/Manifest.lock\" > /dev/null\nif [ $? != 0 ] ; then\n    # print error to STDERR\n    echo \"error: The sandbox is not in sync with the Podfile.lock. Run 'pod install' or update your CocoaPods installation.\" >&2\n    exit 1\nfi\n# This output is used by Xcode 'outputs' to avoid re-running this script phase.\necho \"SUCCESS\" > \"${SCRIPT_OUTPUT_FILE_0}\"\n";
			showEnvVarsInLog = 0;
		};
		DB86590F65257940FE42F39E /* [CP] Embed Pods Frameworks */ = {
			isa = PBXShellScriptBuildPhase;
			buildActionMask = 2147483647;
			files = (
			);
			inputPaths = (
				"${SRCROOT}/Pods/Target Support Files/Pods-ftth/Pods-ftth-frameworks.sh",
				"${BUILT_PRODUCTS_DIR}/AWSCore/AWSCore.framework",
				"${BUILT_PRODUCTS_DIR}/AWSS3/AWSS3.framework",
				"${BUILT_PRODUCTS_DIR}/Alamofire/Alamofire.framework",
				"${BUILT_PRODUCTS_DIR}/SwiftCloudant/SwiftCloudant.framework",
				"${BUILT_PRODUCTS_DIR}/SwiftDate/SwiftDate.framework",
				"${BUILT_PRODUCTS_DIR}/SwiftyDropbox/SwiftyDropbox.framework",
			);
			name = "[CP] Embed Pods Frameworks";
			outputPaths = (
				"${TARGET_BUILD_DIR}/${FRAMEWORKS_FOLDER_PATH}/AWSCore.framework",
				"${TARGET_BUILD_DIR}/${FRAMEWORKS_FOLDER_PATH}/AWSS3.framework",
				"${TARGET_BUILD_DIR}/${FRAMEWORKS_FOLDER_PATH}/Alamofire.framework",
				"${TARGET_BUILD_DIR}/${FRAMEWORKS_FOLDER_PATH}/SwiftCloudant.framework",
				"${TARGET_BUILD_DIR}/${FRAMEWORKS_FOLDER_PATH}/SwiftDate.framework",
				"${TARGET_BUILD_DIR}/${FRAMEWORKS_FOLDER_PATH}/SwiftyDropbox.framework",
			);
			runOnlyForDeploymentPostprocessing = 0;
			shellPath = /bin/sh;
			shellScript = "\"${SRCROOT}/Pods/Target Support Files/Pods-ftth/Pods-ftth-frameworks.sh\"\n";
			showEnvVarsInLog = 0;
		};
		DBEA7B973C2FCD66243274F9 /* [CP] Copy Pods Resources */ = {
			isa = PBXShellScriptBuildPhase;
			buildActionMask = 2147483647;
			files = (
			);
			inputPaths = (
			);
			name = "[CP] Copy Pods Resources";
			outputPaths = (
			);
			runOnlyForDeploymentPostprocessing = 0;
			shellPath = /bin/sh;
			shellScript = "\"${SRCROOT}/Pods/Target Support Files/Pods-ftth/Pods-ftth-resources.sh\"\n";
			showEnvVarsInLog = 0;
		};
/* End PBXShellScriptBuildPhase section */

/* Begin PBXSourcesBuildPhase section */
		30D15BB320C0236C00C39C2D /* Sources */ = {
			isa = PBXSourcesBuildPhase;
			buildActionMask = 2147483647;
			files = (
				30D15BBF20C0236C00C39C2D /* DetailViewController.swift in Sources */,
				30A4998120CEBFC100458C42 /* MainWindowController.swift in Sources */,
				3031FBB320C8665700BAE929 /* CouchdbClient.swift in Sources */,
				30D15BBD20C0236C00C39C2D /* MasterViewController.swift in Sources */,
				300B320720D7F1E400A25EE4 /* UYLNotificationDelegate.swift in Sources */,
				30D15BBB20C0236C00C39C2D /* AppDelegate.swift in Sources */,
				301892C520C96ECB00FC263A /* HealthItem.swift in Sources */,
				3031FBB820C877CD00BAE929 /* HealthKitInterface.swift in Sources */,
			);
			runOnlyForDeploymentPostprocessing = 0;
		};
/* End PBXSourcesBuildPhase section */

/* Begin PBXVariantGroup section */
		30D15BC020C0236C00C39C2D /* Main.storyboard */ = {
			isa = PBXVariantGroup;
			children = (
				30D15BC120C0236C00C39C2D /* Base */,
			);
			name = Main.storyboard;
			sourceTree = "<group>";
		};
		30D15BC520C0236C00C39C2D /* LaunchScreen.storyboard */ = {
			isa = PBXVariantGroup;
			children = (
				30D15BC620C0236C00C39C2D /* Base */,
			);
			name = LaunchScreen.storyboard;
			sourceTree = "<group>";
		};
/* End PBXVariantGroup section */

/* Begin XCBuildConfiguration section */
		30D15BC920C0236C00C39C2D /* Debug */ = {
			isa = XCBuildConfiguration;
			buildSettings = {
				ALWAYS_SEARCH_USER_PATHS = NO;
				CLANG_ANALYZER_NONNULL = YES;
				CLANG_ANALYZER_NUMBER_OBJECT_CONVERSION = YES_AGGRESSIVE;
				CLANG_CXX_LANGUAGE_STANDARD = "gnu++14";
				CLANG_CXX_LIBRARY = "libc++";
				CLANG_ENABLE_MODULES = YES;
				CLANG_ENABLE_OBJC_ARC = YES;
				CLANG_WARN_BLOCK_CAPTURE_AUTORELEASING = YES;
				CLANG_WARN_BOOL_CONVERSION = YES;
				CLANG_WARN_COMMA = YES;
				CLANG_WARN_CONSTANT_CONVERSION = YES;
				CLANG_WARN_DIRECT_OBJC_ISA_USAGE = YES_ERROR;
				CLANG_WARN_DOCUMENTATION_COMMENTS = YES;
				CLANG_WARN_EMPTY_BODY = YES;
				CLANG_WARN_ENUM_CONVERSION = YES;
				CLANG_WARN_INFINITE_RECURSION = YES;
				CLANG_WARN_INT_CONVERSION = YES;
				CLANG_WARN_NON_LITERAL_NULL_CONVERSION = YES;
				CLANG_WARN_OBJC_LITERAL_CONVERSION = YES;
				CLANG_WARN_OBJC_ROOT_CLASS = YES_ERROR;
				CLANG_WARN_RANGE_LOOP_ANALYSIS = YES;
				CLANG_WARN_STRICT_PROTOTYPES = YES;
				CLANG_WARN_SUSPICIOUS_MOVE = YES;
				CLANG_WARN_UNGUARDED_AVAILABILITY = YES_AGGRESSIVE;
				CLANG_WARN_UNREACHABLE_CODE = YES;
				CLANG_WARN__DUPLICATE_METHOD_MATCH = YES;
				CODE_SIGN_IDENTITY = "iPhone Developer";
				COPY_PHASE_STRIP = NO;
				DEBUG_INFORMATION_FORMAT = dwarf;
				ENABLE_STRICT_OBJC_MSGSEND = YES;
				ENABLE_TESTABILITY = YES;
				GCC_C_LANGUAGE_STANDARD = gnu11;
				GCC_DYNAMIC_NO_PIC = NO;
				GCC_NO_COMMON_BLOCKS = YES;
				GCC_OPTIMIZATION_LEVEL = 0;
				GCC_PREPROCESSOR_DEFINITIONS = (
					"DEBUG=1",
					"$(inherited)",
				);
				GCC_WARN_64_TO_32_BIT_CONVERSION = YES;
				GCC_WARN_ABOUT_RETURN_TYPE = YES_ERROR;
				GCC_WARN_UNDECLARED_SELECTOR = YES;
				GCC_WARN_UNINITIALIZED_AUTOS = YES_AGGRESSIVE;
				GCC_WARN_UNUSED_FUNCTION = YES;
				GCC_WARN_UNUSED_VARIABLE = YES;
				IPHONEOS_DEPLOYMENT_TARGET = 11.4;
				MTL_ENABLE_DEBUG_INFO = YES;
				ONLY_ACTIVE_ARCH = YES;
				SDKROOT = iphoneos;
				SWIFT_ACTIVE_COMPILATION_CONDITIONS = DEBUG;
				SWIFT_OPTIMIZATION_LEVEL = "-Onone";
			};
			name = Debug;
		};
		30D15BCA20C0236C00C39C2D /* Release */ = {
			isa = XCBuildConfiguration;
			buildSettings = {
				ALWAYS_SEARCH_USER_PATHS = NO;
				CLANG_ANALYZER_NONNULL = YES;
				CLANG_ANALYZER_NUMBER_OBJECT_CONVERSION = YES_AGGRESSIVE;
				CLANG_CXX_LANGUAGE_STANDARD = "gnu++14";
				CLANG_CXX_LIBRARY = "libc++";
				CLANG_ENABLE_MODULES = YES;
				CLANG_ENABLE_OBJC_ARC = YES;
				CLANG_WARN_BLOCK_CAPTURE_AUTORELEASING = YES;
				CLANG_WARN_BOOL_CONVERSION = YES;
				CLANG_WARN_COMMA = YES;
				CLANG_WARN_CONSTANT_CONVERSION = YES;
				CLANG_WARN_DIRECT_OBJC_ISA_USAGE = YES_ERROR;
				CLANG_WARN_DOCUMENTATION_COMMENTS = YES;
				CLANG_WARN_EMPTY_BODY = YES;
				CLANG_WARN_ENUM_CONVERSION = YES;
				CLANG_WARN_INFINITE_RECURSION = YES;
				CLANG_WARN_INT_CONVERSION = YES;
				CLANG_WARN_NON_LITERAL_NULL_CONVERSION = YES;
				CLANG_WARN_OBJC_LITERAL_CONVERSION = YES;
				CLANG_WARN_OBJC_ROOT_CLASS = YES_ERROR;
				CLANG_WARN_RANGE_LOOP_ANALYSIS = YES;
				CLANG_WARN_STRICT_PROTOTYPES = YES;
				CLANG_WARN_SUSPICIOUS_MOVE = YES;
				CLANG_WARN_UNGUARDED_AVAILABILITY = YES_AGGRESSIVE;
				CLANG_WARN_UNREACHABLE_CODE = YES;
				CLANG_WARN__DUPLICATE_METHOD_MATCH = YES;
				CODE_SIGN_IDENTITY = "iPhone Developer";
				COPY_PHASE_STRIP = NO;
				DEBUG_INFORMATION_FORMAT = "dwarf-with-dsym";
				ENABLE_NS_ASSERTIONS = NO;
				ENABLE_STRICT_OBJC_MSGSEND = YES;
				GCC_C_LANGUAGE_STANDARD = gnu11;
				GCC_NO_COMMON_BLOCKS = YES;
				GCC_WARN_64_TO_32_BIT_CONVERSION = YES;
				GCC_WARN_ABOUT_RETURN_TYPE = YES_ERROR;
				GCC_WARN_UNDECLARED_SELECTOR = YES;
				GCC_WARN_UNINITIALIZED_AUTOS = YES_AGGRESSIVE;
				GCC_WARN_UNUSED_FUNCTION = YES;
				GCC_WARN_UNUSED_VARIABLE = YES;
				IPHONEOS_DEPLOYMENT_TARGET = 11.4;
				MTL_ENABLE_DEBUG_INFO = NO;
				SDKROOT = iphoneos;
				SWIFT_COMPILATION_MODE = wholemodule;
				SWIFT_OPTIMIZATION_LEVEL = "-O";
				VALIDATE_PRODUCT = YES;
			};
			name = Release;
		};
		30D15BCC20C0236C00C39C2D /* Debug */ = {
			isa = XCBuildConfiguration;
			baseConfigurationReference = BAC2F7A70B0D2F2488439880 /* Pods-ftth.debug.xcconfig */;
			buildSettings = {
				ASSETCATALOG_COMPILER_APPICON_NAME = AppIcon;
				CODE_SIGN_ENTITLEMENTS = ftth/ftth.entitlements;
				CODE_SIGN_STYLE = Automatic;
				DEVELOPMENT_TEAM = HF6UK642JW;
				INFOPLIST_FILE = ftth/Info.plist;
				IPHONEOS_DEPLOYMENT_TARGET = 11.4;
				LD_RUNPATH_SEARCH_PATHS = (
					"$(inherited)",
					"@executable_path/Frameworks",
				);
				PRODUCT_BUNDLE_IDENTIFIER = com.schappet.ftth;
				PRODUCT_NAME = "$(TARGET_NAME)";
				SWIFT_VERSION = 4.0;
				TARGETED_DEVICE_FAMILY = "1,2";
			};
			name = Debug;
		};
		30D15BCD20C0236C00C39C2D /* Release */ = {
			isa = XCBuildConfiguration;
			baseConfigurationReference = FDA978195EC8F447A133235A /* Pods-ftth.release.xcconfig */;
			buildSettings = {
				ASSETCATALOG_COMPILER_APPICON_NAME = AppIcon;
				CODE_SIGN_ENTITLEMENTS = ftth/ftth.entitlements;
				CODE_SIGN_STYLE = Automatic;
				DEVELOPMENT_TEAM = HF6UK642JW;
				INFOPLIST_FILE = ftth/Info.plist;
				IPHONEOS_DEPLOYMENT_TARGET = 11.4;
				LD_RUNPATH_SEARCH_PATHS = (
					"$(inherited)",
					"@executable_path/Frameworks",
				);
				PRODUCT_BUNDLE_IDENTIFIER = com.schappet.ftth;
				PRODUCT_NAME = "$(TARGET_NAME)";
				SWIFT_VERSION = 4.0;
				TARGETED_DEVICE_FAMILY = "1,2";
			};
			name = Release;
		};
/* End XCBuildConfiguration section */

/* Begin XCConfigurationList section */
		30D15BB220C0236C00C39C2D /* Build configuration list for PBXProject "ftth" */ = {
			isa = XCConfigurationList;
			buildConfigurations = (
				30D15BC920C0236C00C39C2D /* Debug */,
				30D15BCA20C0236C00C39C2D /* Release */,
			);
			defaultConfigurationIsVisible = 0;
			defaultConfigurationName = Release;
		};
		30D15BCB20C0236C00C39C2D /* Build configuration list for PBXNativeTarget "ftth" */ = {
			isa = XCConfigurationList;
			buildConfigurations = (
				30D15BCC20C0236C00C39C2D /* Debug */,
				30D15BCD20C0236C00C39C2D /* Release */,
			);
			defaultConfigurationIsVisible = 0;
			defaultConfigurationName = Release;
		};
/* End XCConfigurationList section */
	};
	rootObject = 30D15BAF20C0236C00C39C2D /* Project object */;
}
